
Microsoft Visual Studio Solution File, Format Version 12.00
# Visual Studio Version 17
VisualStudioVersion = 17.14.36401.2 d17.14
MinimumVisualStudioVersion = 10.0.40219.1
Project("{FAE04EC0-301F-11D3-BF4B-00C04F79EFBC}") = "SistemaGerencial.Domain", "..\src\SistemaGerencial.Domain\SistemaGerencial.Domain.csproj", "{CECE61A2-ABE3-489F-8BA0-5BDD08998F82}"
EndProject
Project("{FAE04EC0-301F-11D3-BF4B-00C04F79EFBC}") = "SistemaGerencial.Application", "..\src\SistemaGerencial.Application\SistemaGerencial.Application.csproj", "{5CAE3F81-256A-4B0F-B0D1-606B885C761F}"
EndProject
Project("{FAE04EC0-301F-11D3-BF4B-00C04F79EFBC}") = "SistemaGerencial.Infrastructure", "..\src\SistemaGerencial.Infrastructure\SistemaGerencial.Infrastructure.csproj", "{3DFF6A73-CECB-4E88-BFA4-E198162B19C2}"
EndProject
Project("{FAE04EC0-301F-11D3-BF4B-00C04F79EFBC}") = "SistemaGerencial.Api", "..\src\SistemaGerencial.Api\SistemaGerencial.Api.csproj", "{95902E5E-2B33-4A7C-9A27-E8E5301B2988}"
EndProject
Global
	GlobalSection(SolutionConfigurationPlatforms) = preSolution
		Debug|Any CPU = Debug|Any CPU
		Release|Any CPU = Release|Any CPU
	EndGlobalSection
	GlobalSection(ProjectConfigurationPlatforms) = postSolution
		{CECE61A2-ABE3-489F-8BA0-5BDD08998F82}.Debug|Any CPU.ActiveCfg = Debug|Any CPU
		{CECE61A2-ABE3-489F-8BA0-5BDD08998F82}.Debug|Any CPU.Build.0 = Debug|Any CPU
		{CECE61A2-ABE3-489F-8BA0-5BDD08998F82}.Release|Any CPU.ActiveCfg = Release|Any CPU
		{CECE61A2-ABE3-489F-8BA0-5BDD08998F82}.Release|Any CPU.Build.0 = Release|Any CPU
		{5CAE3F81-256A-4B0F-B0D1-606B885C761F}.Debug|Any CPU.ActiveCfg = Debug|Any CPU
		{5CAE3F81-256A-4B0F-B0D1-606B885C761F}.Debug|Any CPU.Build.0 = Debug|Any CPU
		{5CAE3F81-256A-4B0F-B0D1-606B885C761F}.Release|Any CPU.ActiveCfg = Release|Any CPU
		{5CAE3F81-256A-4B0F-B0D1-606B885C761F}.Release|Any CPU.Build.0 = Release|Any CPU
		{3DFF6A73-CECB-4E88-BFA4-E198162B19C2}.Debug|Any CPU.ActiveCfg = Debug|Any CPU
		{3DFF6A73-CECB-4E88-BFA4-E198162B19C2}.Debug|Any CPU.Build.0 = Debug|Any CPU
		{3DFF6A73-CECB-4E88-BFA4-E198162B19C2}.Release|Any CPU.ActiveCfg = Release|Any CPU
		{3DFF6A73-CECB-4E88-BFA4-E198162B19C2}.Release|Any CPU.Build.0 = Release|Any CPU
		{95902E5E-2B33-4A7C-9A27-E8E5301B2988}.Debug|Any CPU.ActiveCfg = Debug|Any CPU
		{95902E5E-2B33-4A7C-9A27-E8E5301B2988}.Debug|Any CPU.Build.0 = Debug|Any CPU
		{95902E5E-2B33-4A7C-9A27-E8E5301B2988}.Release|Any CPU.ActiveCfg = Release|Any CPU
		{95902E5E-2B33-4A7C-9A27-E8E5301B2988}.Release|Any CPU.Build.0 = Release|Any CPU
	EndGlobalSection
	GlobalSection(SolutionProperties) = preSolution
		HideSolutionNode = FALSE
	EndGlobalSection
	GlobalSection(ExtensibilityGlobals) = postSolution
		SolutionGuid = {AFF44C13-6448-48EF-892E-38CB55F905D5}
	EndGlobalSection
EndGlobal
